// !$*UTF8*$!
{
	archiveVersion = 1;
	classes = {
	};
	objectVersion = 50;
	objects = {

/* Begin PBXBuildFile section */
		32D1FE842403E12F00884FEF /* AppDelegate.swift in Sources */ = {isa = PBXBuildFile; fileRef = 32D1FE832403E12F00884FEF /* AppDelegate.swift */; };
		32D1FE862403E13000884FEF /* SceneDelegate.swift in Sources */ = {isa = PBXBuildFile; fileRef = 32D1FE852403E13000884FEF /* SceneDelegate.swift */; };
		32D1FE8D2403E13100884FEF /* Assets.xcassets in Resources */ = {isa = PBXBuildFile; fileRef = 32D1FE8C2403E13100884FEF /* Assets.xcassets */; };
		32D1FE902403E13100884FEF /* LaunchScreen.storyboard in Resources */ = {isa = PBXBuildFile; fileRef = 32D1FE8E2403E13100884FEF /* LaunchScreen.storyboard */; };
		BBC2CB2D2423947A00342347 /* GFAlertView.swift in Sources */ = {isa = PBXBuildFile; fileRef = BBC2CB2C2423947A00342347 /* GFAlertView.swift */; };
		BBC2CB302423AA8200342347 /* Follower.swift in Sources */ = {isa = PBXBuildFile; fileRef = BBC2CB2F2423AA8200342347 /* Follower.swift */; };
		BBC2CB322423AB5F00342347 /* User.swift in Sources */ = {isa = PBXBuildFile; fileRef = BBC2CB312423AB5F00342347 /* User.swift */; };
		BBC2CB352423AF5400342347 /* NetworkManager.swift in Sources */ = {isa = PBXBuildFile; fileRef = BBC2CB342423AF5400342347 /* NetworkManager.swift */; };
		BBC2CB382423B8FB00342347 /* GFError.swift in Sources */ = {isa = PBXBuildFile; fileRef = BBC2CB372423B8FB00342347 /* GFError.swift */; };
		BBC2CB3B2423BF6900342347 /* FollowerCell.swift in Sources */ = {isa = PBXBuildFile; fileRef = BBC2CB3A2423BF6900342347 /* FollowerCell.swift */; };
		BBC2CB3D2423BFD600342347 /* GFAvatarImageView.swift in Sources */ = {isa = PBXBuildFile; fileRef = BBC2CB3C2423BFD600342347 /* GFAvatarImageView.swift */; };
		BBCE4AD42423915A003B803D /* FavoritesVC.swift in Sources */ = {isa = PBXBuildFile; fileRef = BBCE4AD12423915A003B803D /* FavoritesVC.swift */; };
		BBCE4AD52423915A003B803D /* FollowersVC.swift in Sources */ = {isa = PBXBuildFile; fileRef = BBCE4AD22423915A003B803D /* FollowersVC.swift */; };
		BBCE4AD62423915A003B803D /* SearchVC.swift in Sources */ = {isa = PBXBuildFile; fileRef = BBCE4AD32423915A003B803D /* SearchVC.swift */; };
		BBCE4AD9242391CD003B803D /* UIViewController+Ext.swift in Sources */ = {isa = PBXBuildFile; fileRef = BBCE4AD8242391CD003B803D /* UIViewController+Ext.swift */; };
		BBCE4AE0242391FA003B803D /* GFTextField.swift in Sources */ = {isa = PBXBuildFile; fileRef = BBCE4ADB242391FA003B803D /* GFTextField.swift */; };
		BBCE4AE1242391FA003B803D /* GFButton.swift in Sources */ = {isa = PBXBuildFile; fileRef = BBCE4ADC242391FA003B803D /* GFButton.swift */; };
		BBCE4AE2242391FA003B803D /* GFAlertVC.swift in Sources */ = {isa = PBXBuildFile; fileRef = BBCE4ADD242391FA003B803D /* GFAlertVC.swift */; };
		BBCE4AE3242391FA003B803D /* GFBodyLabel.swift in Sources */ = {isa = PBXBuildFile; fileRef = BBCE4ADE242391FA003B803D /* GFBodyLabel.swift */; };
		BBCE4AE4242391FA003B803D /* GFTitleLabel.swift in Sources */ = {isa = PBXBuildFile; fileRef = BBCE4ADF242391FA003B803D /* GFTitleLabel.swift */; };
/* End PBXBuildFile section */

/* Begin PBXFileReference section */
		32D1FE802403E12F00884FEF /* GHFollowers.app */ = {isa = PBXFileReference; explicitFileType = wrapper.application; includeInIndex = 0; path = GHFollowers.app; sourceTree = BUILT_PRODUCTS_DIR; };
		32D1FE832403E12F00884FEF /* AppDelegate.swift */ = {isa = PBXFileReference; lastKnownFileType = sourcecode.swift; path = AppDelegate.swift; sourceTree = "<group>"; };
		32D1FE852403E13000884FEF /* SceneDelegate.swift */ = {isa = PBXFileReference; lastKnownFileType = sourcecode.swift; path = SceneDelegate.swift; sourceTree = "<group>"; };
		32D1FE8C2403E13100884FEF /* Assets.xcassets */ = {isa = PBXFileReference; lastKnownFileType = folder.assetcatalog; path = Assets.xcassets; sourceTree = "<group>"; };
		32D1FE8F2403E13100884FEF /* Base */ = {isa = PBXFileReference; lastKnownFileType = file.storyboard; name = Base; path = Base.lproj/LaunchScreen.storyboard; sourceTree = "<group>"; };
		32D1FE912403E13100884FEF /* Info.plist */ = {isa = PBXFileReference; lastKnownFileType = text.plist.xml; path = Info.plist; sourceTree = "<group>"; };
		BBC2CB2C2423947A00342347 /* GFAlertView.swift */ = {isa = PBXFileReference; lastKnownFileType = sourcecode.swift; path = GFAlertView.swift; sourceTree = "<group>"; };
		BBC2CB2F2423AA8200342347 /* Follower.swift */ = {isa = PBXFileReference; lastKnownFileType = sourcecode.swift; path = Follower.swift; sourceTree = "<group>"; };
		BBC2CB312423AB5F00342347 /* User.swift */ = {isa = PBXFileReference; lastKnownFileType = sourcecode.swift; path = User.swift; sourceTree = "<group>"; };
		BBC2CB342423AF5400342347 /* NetworkManager.swift */ = {isa = PBXFileReference; lastKnownFileType = sourcecode.swift; path = NetworkManager.swift; sourceTree = "<group>"; };
		BBC2CB372423B8FB00342347 /* GFError.swift */ = {isa = PBXFileReference; lastKnownFileType = sourcecode.swift; path = GFError.swift; sourceTree = "<group>"; };
		BBC2CB3A2423BF6900342347 /* FollowerCell.swift */ = {isa = PBXFileReference; lastKnownFileType = sourcecode.swift; path = FollowerCell.swift; sourceTree = "<group>"; };
		BBC2CB3C2423BFD600342347 /* GFAvatarImageView.swift */ = {isa = PBXFileReference; lastKnownFileType = sourcecode.swift; path = GFAvatarImageView.swift; sourceTree = "<group>"; };
		BBCE4AD12423915A003B803D /* FavoritesVC.swift */ = {isa = PBXFileReference; fileEncoding = 4; lastKnownFileType = sourcecode.swift; path = FavoritesVC.swift; sourceTree = "<group>"; };
		BBCE4AD22423915A003B803D /* FollowersVC.swift */ = {isa = PBXFileReference; fileEncoding = 4; lastKnownFileType = sourcecode.swift; path = FollowersVC.swift; sourceTree = "<group>"; };
		BBCE4AD32423915A003B803D /* SearchVC.swift */ = {isa = PBXFileReference; fileEncoding = 4; lastKnownFileType = sourcecode.swift; path = SearchVC.swift; sourceTree = "<group>"; };
		BBCE4AD8242391CD003B803D /* UIViewController+Ext.swift */ = {isa = PBXFileReference; fileEncoding = 4; lastKnownFileType = sourcecode.swift; path = "UIViewController+Ext.swift"; sourceTree = "<group>"; };
		BBCE4ADB242391FA003B803D /* GFTextField.swift */ = {isa = PBXFileReference; fileEncoding = 4; lastKnownFileType = sourcecode.swift; path = GFTextField.swift; sourceTree = "<group>"; };
		BBCE4ADC242391FA003B803D /* GFButton.swift */ = {isa = PBXFileReference; fileEncoding = 4; lastKnownFileType = sourcecode.swift; path = GFButton.swift; sourceTree = "<group>"; };
		BBCE4ADD242391FA003B803D /* GFAlertVC.swift */ = {isa = PBXFileReference; fileEncoding = 4; lastKnownFileType = sourcecode.swift; path = GFAlertVC.swift; sourceTree = "<group>"; };
		BBCE4ADE242391FA003B803D /* GFBodyLabel.swift */ = {isa = PBXFileReference; fileEncoding = 4; lastKnownFileType = sourcecode.swift; path = GFBodyLabel.swift; sourceTree = "<group>"; };
		BBCE4ADF242391FA003B803D /* GFTitleLabel.swift */ = {isa = PBXFileReference; fileEncoding = 4; lastKnownFileType = sourcecode.swift; path = GFTitleLabel.swift; sourceTree = "<group>"; };
/* End PBXFileReference section */

/* Begin PBXFrameworksBuildPhase section */
		32D1FE7D2403E12F00884FEF /* Frameworks */ = {
			isa = PBXFrameworksBuildPhase;
			buildActionMask = 2147483647;
			files = (
			);
			runOnlyForDeploymentPostprocessing = 0;
		};
/* End PBXFrameworksBuildPhase section */

/* Begin PBXGroup section */
		32D1FE772403E12F00884FEF = {
			isa = PBXGroup;
			children = (
				32D1FE822403E12F00884FEF /* GHFollowers */,
				32D1FE812403E12F00884FEF /* Products */,
			);
			sourceTree = "<group>";
		};
		32D1FE812403E12F00884FEF /* Products */ = {
			isa = PBXGroup;
			children = (
				32D1FE802403E12F00884FEF /* GHFollowers.app */,
			);
			name = Products;
			sourceTree = "<group>";
		};
		32D1FE822403E12F00884FEF /* GHFollowers */ = {
			isa = PBXGroup;
			children = (
				BBC2CB362423B8E400342347 /* Utilities */,
				BBC2CB332423AF3C00342347 /* Managers */,
				BBC2CB2E2423AA6600342347 /* Models */,
				BBCE4ADA242391D5003B803D /* Custom Views */,
				BBCE4AD7242391BD003B803D /* Extensions */,
				BBCE4AD024239134003B803D /* Screens */,
				32D1FE832403E12F00884FEF /* AppDelegate.swift */,
				32D1FE852403E13000884FEF /* SceneDelegate.swift */,
				32D1FE8C2403E13100884FEF /* Assets.xcassets */,
				32D1FE8E2403E13100884FEF /* LaunchScreen.storyboard */,
				32D1FE912403E13100884FEF /* Info.plist */,
			);
			path = GHFollowers;
			sourceTree = "<group>";
		};
		BBC2CB2E2423AA6600342347 /* Models */ = {
			isa = PBXGroup;
			children = (
				BBC2CB2F2423AA8200342347 /* Follower.swift */,
				BBC2CB312423AB5F00342347 /* User.swift */,
			);
			path = Models;
			sourceTree = "<group>";
		};
		BBC2CB332423AF3C00342347 /* Managers */ = {
			isa = PBXGroup;
			children = (
				BBC2CB342423AF5400342347 /* NetworkManager.swift */,
			);
			path = Managers;
			sourceTree = "<group>";
		};
		BBC2CB362423B8E400342347 /* Utilities */ = {
			isa = PBXGroup;
			children = (
				BBC2CB372423B8FB00342347 /* GFError.swift */,
			);
			path = Utilities;
			sourceTree = "<group>";
		};
		BBC2CB392423BF3600342347 /* Cells */ = {
			isa = PBXGroup;
			children = (
				BBC2CB3A2423BF6900342347 /* FollowerCell.swift */,
			);
			path = Cells;
			sourceTree = "<group>";
		};
		BBCE4AD024239134003B803D /* Screens */ = {
			isa = PBXGroup;
			children = (
				BBCE4AD12423915A003B803D /* FavoritesVC.swift */,
				BBCE4AD22423915A003B803D /* FollowersVC.swift */,
				BBCE4AD32423915A003B803D /* SearchVC.swift */,
			);
			path = Screens;
			sourceTree = "<group>";
		};
		BBCE4AD7242391BD003B803D /* Extensions */ = {
			isa = PBXGroup;
			children = (
				BBCE4AD8242391CD003B803D /* UIViewController+Ext.swift */,
			);
			path = Extensions;
			sourceTree = "<group>";
		};
		BBCE4ADA242391D5003B803D /* Custom Views */ = {
			isa = PBXGroup;
			children = (
				BBC2CB392423BF3600342347 /* Cells */,
				BBCE4ADD242391FA003B803D /* GFAlertVC.swift */,
				BBC2CB2C2423947A00342347 /* GFAlertView.swift */,
				BBCE4ADF242391FA003B803D /* GFTitleLabel.swift */,
				BBCE4ADE242391FA003B803D /* GFBodyLabel.swift */,
				BBCE4ADC242391FA003B803D /* GFButton.swift */,
				BBCE4ADB242391FA003B803D /* GFTextField.swift */,
				BBC2CB3C2423BFD600342347 /* GFAvatarImageView.swift */,
			);
			path = "Custom Views";
			sourceTree = "<group>";
		};
/* End PBXGroup section */

/* Begin PBXNativeTarget section */
		32D1FE7F2403E12F00884FEF /* GHFollowers */ = {
			isa = PBXNativeTarget;
			buildConfigurationList = 32D1FE942403E13100884FEF /* Build configuration list for PBXNativeTarget "GHFollowers" */;
			buildPhases = (
				32D1FE7C2403E12F00884FEF /* Sources */,
				32D1FE7D2403E12F00884FEF /* Frameworks */,
				32D1FE7E2403E12F00884FEF /* Resources */,
			);
			buildRules = (
			);
			dependencies = (
			);
			name = GHFollowers;
			productName = GHFollowers;
			productReference = 32D1FE802403E12F00884FEF /* GHFollowers.app */;
			productType = "com.apple.product-type.application";
		};
/* End PBXNativeTarget section */

/* Begin PBXProject section */
		32D1FE782403E12F00884FEF /* Project object */ = {
			isa = PBXProject;
			attributes = {
				LastSwiftUpdateCheck = 1130;
				LastUpgradeCheck = 1130;
				ORGANIZATIONNAME = "Manu Marchand";
				TargetAttributes = {
					32D1FE7F2403E12F00884FEF = {
						CreatedOnToolsVersion = 11.3.1;
					};
				};
			};
			buildConfigurationList = 32D1FE7B2403E12F00884FEF /* Build configuration list for PBXProject "GHFollowers" */;
			compatibilityVersion = "Xcode 9.3";
			developmentRegion = en;
			hasScannedForEncodings = 0;
			knownRegions = (
				en,
				Base,
			);
			mainGroup = 32D1FE772403E12F00884FEF;
			productRefGroup = 32D1FE812403E12F00884FEF /* Products */;
			projectDirPath = "";
			projectRoot = "";
			targets = (
				32D1FE7F2403E12F00884FEF /* GHFollowers */,
			);
		};
/* End PBXProject section */

/* Begin PBXResourcesBuildPhase section */
		32D1FE7E2403E12F00884FEF /* Resources */ = {
			isa = PBXResourcesBuildPhase;
			buildActionMask = 2147483647;
			files = (
				32D1FE902403E13100884FEF /* LaunchScreen.storyboard in Resources */,
				32D1FE8D2403E13100884FEF /* Assets.xcassets in Resources */,
			);
			runOnlyForDeploymentPostprocessing = 0;
		};
/* End PBXResourcesBuildPhase section */

/* Begin PBXSourcesBuildPhase section */
		32D1FE7C2403E12F00884FEF /* Sources */ = {
			isa = PBXSourcesBuildPhase;
			buildActionMask = 2147483647;
			files = (
				32D1FE842403E12F00884FEF /* AppDelegate.swift in Sources */,
				BBCE4AD62423915A003B803D /* SearchVC.swift in Sources */,
				BBCE4AE1242391FA003B803D /* GFButton.swift in Sources */,
				BBCE4AE4242391FA003B803D /* GFTitleLabel.swift in Sources */,
				BBC2CB2D2423947A00342347 /* GFAlertView.swift in Sources */,
				BBCE4AD9242391CD003B803D /* UIViewController+Ext.swift in Sources */,
				BBC2CB322423AB5F00342347 /* User.swift in Sources */,
				BBC2CB3B2423BF6900342347 /* FollowerCell.swift in Sources */,
				BBC2CB3D2423BFD600342347 /* GFAvatarImageView.swift in Sources */,
				BBCE4AE2242391FA003B803D /* GFAlertVC.swift in Sources */,
				BBC2CB302423AA8200342347 /* Follower.swift in Sources */,
				32D1FE862403E13000884FEF /* SceneDelegate.swift in Sources */,
				BBCE4AD52423915A003B803D /* FollowersVC.swift in Sources */,
				BBCE4AD42423915A003B803D /* FavoritesVC.swift in Sources */,
				BBC2CB382423B8FB00342347 /* GFError.swift in Sources */,
				BBC2CB352423AF5400342347 /* NetworkManager.swift in Sources */,
				BBCE4AE0242391FA003B803D /* GFTextField.swift in Sources */,
				BBCE4AE3242391FA003B803D /* GFBodyLabel.swift in Sources */,
			);
			runOnlyForDeploymentPostprocessing = 0;
		};
/* End PBXSourcesBuildPhase section */

/* Begin PBXVariantGroup section */
		32D1FE8E2403E13100884FEF /* LaunchScreen.storyboard */ = {
			isa = PBXVariantGroup;
			children = (
				32D1FE8F2403E13100884FEF /* Base */,
			);
			name = LaunchScreen.storyboard;
			sourceTree = "<group>";
		};
/* End PBXVariantGroup section */

/* Begin XCBuildConfiguration section */
		32D1FE922403E13100884FEF /* Debug */ = {
			isa = XCBuildConfiguration;
			buildSettings = {
				ALWAYS_SEARCH_USER_PATHS = NO;
				CLANG_ANALYZER_NONNULL = YES;
				CLANG_ANALYZER_NUMBER_OBJECT_CONVERSION = YES_AGGRESSIVE;
				CLANG_CXX_LANGUAGE_STANDARD = "gnu++14";
				CLANG_CXX_LIBRARY = "libc++";
				CLANG_ENABLE_MODULES = YES;
				CLANG_ENABLE_OBJC_ARC = YES;
				CLANG_ENABLE_OBJC_WEAK = YES;
				CLANG_WARN_BLOCK_CAPTURE_AUTORELEASING = YES;
				CLANG_WARN_BOOL_CONVERSION = YES;
				CLANG_WARN_COMMA = YES;
				CLANG_WARN_CONSTANT_CONVERSION = YES;
				CLANG_WARN_DEPRECATED_OBJC_IMPLEMENTATIONS = YES;
				CLANG_WARN_DIRECT_OBJC_ISA_USAGE = YES_ERROR;
				CLANG_WARN_DOCUMENTATION_COMMENTS = YES;
				CLANG_WARN_EMPTY_BODY = YES;
				CLANG_WARN_ENUM_CONVERSION = YES;
				CLANG_WARN_INFINITE_RECURSION = YES;
				CLANG_WARN_INT_CONVERSION = YES;
				CLANG_WARN_NON_LITERAL_NULL_CONVERSION = YES;
				CLANG_WARN_OBJC_IMPLICIT_RETAIN_SELF = YES;
				CLANG_WARN_OBJC_LITERAL_CONVERSION = YES;
				CLANG_WARN_OBJC_ROOT_CLASS = YES_ERROR;
				CLANG_WARN_RANGE_LOOP_ANALYSIS = YES;
				CLANG_WARN_STRICT_PROTOTYPES = YES;
				CLANG_WARN_SUSPICIOUS_MOVE = YES;
				CLANG_WARN_UNGUARDED_AVAILABILITY = YES_AGGRESSIVE;
				CLANG_WARN_UNREACHABLE_CODE = YES;
				CLANG_WARN__DUPLICATE_METHOD_MATCH = YES;
				COPY_PHASE_STRIP = NO;
				DEBUG_INFORMATION_FORMAT = dwarf;
				ENABLE_STRICT_OBJC_MSGSEND = YES;
				ENABLE_TESTABILITY = YES;
				GCC_C_LANGUAGE_STANDARD = gnu11;
				GCC_DYNAMIC_NO_PIC = NO;
				GCC_NO_COMMON_BLOCKS = YES;
				GCC_OPTIMIZATION_LEVEL = 0;
				GCC_PREPROCESSOR_DEFINITIONS = (
					"DEBUG=1",
					"$(inherited)",
				);
				GCC_WARN_64_TO_32_BIT_CONVERSION = YES;
				GCC_WARN_ABOUT_RETURN_TYPE = YES_ERROR;
				GCC_WARN_UNDECLARED_SELECTOR = YES;
				GCC_WARN_UNINITIALIZED_AUTOS = YES_AGGRESSIVE;
				GCC_WARN_UNUSED_FUNCTION = YES;
				GCC_WARN_UNUSED_VARIABLE = YES;
				IPHONEOS_DEPLOYMENT_TARGET = 13.2;
				MTL_ENABLE_DEBUG_INFO = INCLUDE_SOURCE;
				MTL_FAST_MATH = YES;
				ONLY_ACTIVE_ARCH = YES;
				SDKROOT = iphoneos;
				SWIFT_ACTIVE_COMPILATION_CONDITIONS = DEBUG;
				SWIFT_OPTIMIZATION_LEVEL = "-Onone";
			};
			name = Debug;
		};
		32D1FE932403E13100884FEF /* Release */ = {
			isa = XCBuildConfiguration;
			buildSettings = {
				ALWAYS_SEARCH_USER_PATHS = NO;
				CLANG_ANALYZER_NONNULL = YES;
				CLANG_ANALYZER_NUMBER_OBJECT_CONVERSION = YES_AGGRESSIVE;
				CLANG_CXX_LANGUAGE_STANDARD = "gnu++14";
				CLANG_CXX_LIBRARY = "libc++";
				CLANG_ENABLE_MODULES = YES;
				CLANG_ENABLE_OBJC_ARC = YES;
				CLANG_ENABLE_OBJC_WEAK = YES;
				CLANG_WARN_BLOCK_CAPTURE_AUTORELEASING = YES;
				CLANG_WARN_BOOL_CONVERSION = YES;
				CLANG_WARN_COMMA = YES;
				CLANG_WARN_CONSTANT_CONVERSION = YES;
				CLANG_WARN_DEPRECATED_OBJC_IMPLEMENTATIONS = YES;
				CLANG_WARN_DIRECT_OBJC_ISA_USAGE = YES_ERROR;
				CLANG_WARN_DOCUMENTATION_COMMENTS = YES;
				CLANG_WARN_EMPTY_BODY = YES;
				CLANG_WARN_ENUM_CONVERSION = YES;
				CLANG_WARN_INFINITE_RECURSION = YES;
				CLANG_WARN_INT_CONVERSION = YES;
				CLANG_WARN_NON_LITERAL_NULL_CONVERSION = YES;
				CLANG_WARN_OBJC_IMPLICIT_RETAIN_SELF = YES;
				CLANG_WARN_OBJC_LITERAL_CONVERSION = YES;
				CLANG_WARN_OBJC_ROOT_CLASS = YES_ERROR;
				CLANG_WARN_RANGE_LOOP_ANALYSIS = YES;
				CLANG_WARN_STRICT_PROTOTYPES = YES;
				CLANG_WARN_SUSPICIOUS_MOVE = YES;
				CLANG_WARN_UNGUARDED_AVAILABILITY = YES_AGGRESSIVE;
				CLANG_WARN_UNREACHABLE_CODE = YES;
				CLANG_WARN__DUPLICATE_METHOD_MATCH = YES;
				COPY_PHASE_STRIP = NO;
				DEBUG_INFORMATION_FORMAT = "dwarf-with-dsym";
				ENABLE_NS_ASSERTIONS = NO;
				ENABLE_STRICT_OBJC_MSGSEND = YES;
				GCC_C_LANGUAGE_STANDARD = gnu11;
				GCC_NO_COMMON_BLOCKS = YES;
				GCC_WARN_64_TO_32_BIT_CONVERSION = YES;
				GCC_WARN_ABOUT_RETURN_TYPE = YES_ERROR;
				GCC_WARN_UNDECLARED_SELECTOR = YES;
				GCC_WARN_UNINITIALIZED_AUTOS = YES_AGGRESSIVE;
				GCC_WARN_UNUSED_FUNCTION = YES;
				GCC_WARN_UNUSED_VARIABLE = YES;
				IPHONEOS_DEPLOYMENT_TARGET = 13.2;
				MTL_ENABLE_DEBUG_INFO = NO;
				MTL_FAST_MATH = YES;
				SDKROOT = iphoneos;
				SWIFT_COMPILATION_MODE = wholemodule;
				SWIFT_OPTIMIZATION_LEVEL = "-O";
				VALIDATE_PRODUCT = YES;
			};
			name = Release;
		};
		32D1FE952403E13100884FEF /* Debug */ = {
			isa = XCBuildConfiguration;
			buildSettings = {
				ASSETCATALOG_COMPILER_APPICON_NAME = AppIcon;
				CODE_SIGN_STYLE = Automatic;
				DEVELOPMENT_TEAM = 7F8G4PL5ET;
				INFOPLIST_FILE = GHFollowers/Info.plist;
				LD_RUNPATH_SEARCH_PATHS = (
					"$(inherited)",
					"@executable_path/Frameworks",
				);
				PRODUCT_BUNDLE_IDENTIFIER = com.reqven.GHFollowers;
				PRODUCT_NAME = "$(TARGET_NAME)";
				SWIFT_VERSION = 5.0;
				TARGETED_DEVICE_FAMILY = 1;
			};
			name = Debug;
		};
		32D1FE962403E13100884FEF /* Release */ = {
			isa = XCBuildConfiguration;
			buildSettings = {
				ASSETCATALOG_COMPILER_APPICON_NAME = AppIcon;
				CODE_SIGN_STYLE = Automatic;
				DEVELOPMENT_TEAM = 7F8G4PL5ET;
				INFOPLIST_FILE = GHFollowers/Info.plist;
				LD_RUNPATH_SEARCH_PATHS = (
					"$(inherited)",
					"@executable_path/Frameworks",
				);
				PRODUCT_BUNDLE_IDENTIFIER = com.reqven.GHFollowers;
				PRODUCT_NAME = "$(TARGET_NAME)";
				SWIFT_VERSION = 5.0;
				TARGETED_DEVICE_FAMILY = 1;
			};
			name = Release;
		};
/* End XCBuildConfiguration section */

/* Begin XCConfigurationList section */
		32D1FE7B2403E12F00884FEF /* Build configuration list for PBXProject "GHFollowers" */ = {
			isa = XCConfigurationList;
			buildConfigurations = (
				32D1FE922403E13100884FEF /* Debug */,
				32D1FE932403E13100884FEF /* Release */,
			);
			defaultConfigurationIsVisible = 0;
			defaultConfigurationName = Release;
		};
		32D1FE942403E13100884FEF /* Build configuration list for PBXNativeTarget "GHFollowers" */ = {
			isa = XCConfigurationList;
			buildConfigurations = (
				32D1FE952403E13100884FEF /* Debug */,
				32D1FE962403E13100884FEF /* Release */,
			);
			defaultConfigurationIsVisible = 0;
			defaultConfigurationName = Release;
		};
/* End XCConfigurationList section */
	};
	rootObject = 32D1FE782403E12F00884FEF /* Project object */;
}
